
Microsoft Visual Studio Solution File, Format Version 12.00
# Visual Studio 15
VisualStudioVersion = 15.0.26430.13
MinimumVisualStudioVersion = 10.0.40219.1
Project("{FAE04EC0-301F-11D3-BF4B-00C04F79EFBC}") = "SquirrelDemo", "SquirrelDemo.csproj", "{E435B69C-AD09-4038-84AA-70964C05D029}"
EndProject
Project("{FAE04EC0-301F-11D3-BF4B-00C04F79EFBC}") = "Squirrel", "..\src\Squirrel\Squirrel.csproj", "{1436E22A-FE3C-4D68-9A85-9E74DF2E6A92}"
EndProject
Project("{FAE04EC0-301F-11D3-BF4B-00C04F79EFBC}") = "SyncReleases", "..\src\SyncReleases\SyncReleases.csproj", "{EB521191-1EBF-4D06-8541-ED192E2EE378}"
EndProject
Project("{FAE04EC0-301F-11D3-BF4B-00C04F79EFBC}") = "Update", "..\src\Update\Update.csproj", "{1EEBACBC-6982-4696-BD4E-899ED0AC6CD2}"
EndProject
Project("{FAE04EC0-301F-11D3-BF4B-00C04F79EFBC}") = "Update-Mono", "..\src\Update\Update-Mono.csproj", "{5B4BC824-73FC-49D7-BD9D-CE53AA1AA86E}"
EndProject
Project("{FAE04EC0-301F-11D3-BF4B-00C04F79EFBC}") = "Core", "..\vendor\nuget\src\Core\Core.csproj", "{F879F274-EFA0-4157-8404-33A19B4E6AEC}"
EndProject
Global
	GlobalSection(SolutionConfigurationPlatforms) = preSolution
		CIBuild|Any CPU = CIBuild|Any CPU
		Coverage|Any CPU = Coverage|Any CPU
		Debug|Any CPU = Debug|Any CPU
		Mono Debug|Any CPU = Mono Debug|Any CPU
		Mono Release|Any CPU = Mono Release|Any CPU
		Release|Any CPU = Release|Any CPU
	EndGlobalSection
	GlobalSection(ProjectConfigurationPlatforms) = postSolution
		{E435B69C-AD09-4038-84AA-70964C05D029}.CIBuild|Any CPU.ActiveCfg = Release|Any CPU
		{E435B69C-AD09-4038-84AA-70964C05D029}.CIBuild|Any CPU.Build.0 = Release|Any CPU
		{E435B69C-AD09-4038-84AA-70964C05D029}.Coverage|Any CPU.ActiveCfg = Release|Any CPU
		{E435B69C-AD09-4038-84AA-70964C05D029}.Coverage|Any CPU.Build.0 = Release|Any CPU
		{E435B69C-AD09-4038-84AA-70964C05D029}.Debug|Any CPU.ActiveCfg = Debug|Any CPU
		{E435B69C-AD09-4038-84AA-70964C05D029}.Debug|Any CPU.Build.0 = Debug|Any CPU
		{E435B69C-AD09-4038-84AA-70964C05D029}.Mono Debug|Any CPU.ActiveCfg = Debug|Any CPU
		{E435B69C-AD09-4038-84AA-70964C05D029}.Mono Debug|Any CPU.Build.0 = Debug|Any CPU
		{E435B69C-AD09-4038-84AA-70964C05D029}.Mono Release|Any CPU.ActiveCfg = Release|Any CPU
		{E435B69C-AD09-4038-84AA-70964C05D029}.Mono Release|Any CPU.Build.0 = Release|Any CPU
		{E435B69C-AD09-4038-84AA-70964C05D029}.Release|Any CPU.ActiveCfg = Release|Any CPU
		{E435B69C-AD09-4038-84AA-70964C05D029}.Release|Any CPU.Build.0 = Release|Any CPU
		{1436E22A-FE3C-4D68-9A85-9E74DF2E6A92}.CIBuild|Any CPU.ActiveCfg = CIBuild|Any CPU
		{1436E22A-FE3C-4D68-9A85-9E74DF2E6A92}.CIBuild|Any CPU.Build.0 = CIBuild|Any CPU
		{1436E22A-FE3C-4D68-9A85-9E74DF2E6A92}.Coverage|Any CPU.ActiveCfg = CIBuild|Any CPU
		{1436E22A-FE3C-4D68-9A85-9E74DF2E6A92}.Coverage|Any CPU.Build.0 = CIBuild|Any CPU
		{1436E22A-FE3C-4D68-9A85-9E74DF2E6A92}.Debug|Any CPU.ActiveCfg = Debug|Any CPU
		{1436E22A-FE3C-4D68-9A85-9E74DF2E6A92}.Debug|Any CPU.Build.0 = Debug|Any CPU
		{1436E22A-FE3C-4D68-9A85-9E74DF2E6A92}.Mono Debug|Any CPU.ActiveCfg = Debug|Any CPU
		{1436E22A-FE3C-4D68-9A85-9E74DF2E6A92}.Mono Debug|Any CPU.Build.0 = Debug|Any CPU
		{1436E22A-FE3C-4D68-9A85-9E74DF2E6A92}.Mono Release|Any CPU.ActiveCfg = Release|Any CPU
		{1436E22A-FE3C-4D68-9A85-9E74DF2E6A92}.Mono Release|Any CPU.Build.0 = Release|Any CPU
		{1436E22A-FE3C-4D68-9A85-9E74DF2E6A92}.Release|Any CPU.ActiveCfg = Release|Any CPU
		{1436E22A-FE3C-4D68-9A85-9E74DF2E6A92}.Release|Any CPU.Build.0 = Release|Any CPU
		{EB521191-1EBF-4D06-8541-ED192E2EE378}.CIBuild|Any CPU.ActiveCfg = Release|Any CPU
		{EB521191-1EBF-4D06-8541-ED192E2EE378}.CIBuild|Any CPU.Build.0 = Release|Any CPU
		{EB521191-1EBF-4D06-8541-ED192E2EE378}.Coverage|Any CPU.ActiveCfg = Release|Any CPU
		{EB521191-1EBF-4D06-8541-ED192E2EE378}.Coverage|Any CPU.Build.0 = Release|Any CPU
		{EB521191-1EBF-4D06-8541-ED192E2EE378}.Debug|Any CPU.ActiveCfg = Debug|Any CPU
		{EB521191-1EBF-4D06-8541-ED192E2EE378}.Debug|Any CPU.Build.0 = Debug|Any CPU
		{EB521191-1EBF-4D06-8541-ED192E2EE378}.Mono Debug|Any CPU.ActiveCfg = Debug|Any CPU
		{EB521191-1EBF-4D06-8541-ED192E2EE378}.Mono Debug|Any CPU.Build.0 = Debug|Any CPU
		{EB521191-1EBF-4D06-8541-ED192E2EE378}.Mono Release|Any CPU.ActiveCfg = Release|Any CPU
		{EB521191-1EBF-4D06-8541-ED192E2EE378}.Mono Release|Any CPU.Build.0 = Release|Any CPU
		{EB521191-1EBF-4D06-8541-ED192E2EE378}.Release|Any CPU.ActiveCfg = Release|Any CPU
		{EB521191-1EBF-4D06-8541-ED192E2EE378}.Release|Any CPU.Build.0 = Release|Any CPU
		{1EEBACBC-6982-4696-BD4E-899ED0AC6CD2}.CIBuild|Any CPU.ActiveCfg = Release|Any CPU
		{1EEBACBC-6982-4696-BD4E-899ED0AC6CD2}.CIBuild|Any CPU.Build.0 = Release|Any CPU
		{1EEBACBC-6982-4696-BD4E-899ED0AC6CD2}.Coverage|Any CPU.ActiveCfg = Release|Any CPU
		{1EEBACBC-6982-4696-BD4E-899ED0AC6CD2}.Coverage|Any CPU.Build.0 = Release|Any CPU
		{1EEBACBC-6982-4696-BD4E-899ED0AC6CD2}.Debug|Any CPU.ActiveCfg = Debug|Any CPU
		{1EEBACBC-6982-4696-BD4E-899ED0AC6CD2}.Debug|Any CPU.Build.0 = Debug|Any CPU
		{1EEBACBC-6982-4696-BD4E-899ED0AC6CD2}.Mono Debug|Any CPU.ActiveCfg = Debug|Any CPU
		{1EEBACBC-6982-4696-BD4E-899ED0AC6CD2}.Mono Debug|Any CPU.Build.0 = Debug|Any CPU
		{1EEBACBC-6982-4696-BD4E-899ED0AC6CD2}.Mono Release|Any CPU.ActiveCfg = Release|Any CPU
		{1EEBACBC-6982-4696-BD4E-899ED0AC6CD2}.Mono Release|Any CPU.Build.0 = Release|Any CPU
		{1EEBACBC-6982-4696-BD4E-899ED0AC6CD2}.Release|Any CPU.ActiveCfg = Release|Any CPU
		{1EEBACBC-6982-4696-BD4E-899ED0AC6CD2}.Release|Any CPU.Build.0 = Release|Any CPU
		{5B4BC824-73FC-49D7-BD9D-CE53AA1AA86E}.CIBuild|Any CPU.ActiveCfg = Release|Any CPU
		{5B4BC824-73FC-49D7-BD9D-CE53AA1AA86E}.CIBuild|Any CPU.Build.0 = Release|Any CPU
		{5B4BC824-73FC-49D7-BD9D-CE53AA1AA86E}.Coverage|Any CPU.ActiveCfg = Release|Any CPU
		{5B4BC824-73FC-49D7-BD9D-CE53AA1AA86E}.Coverage|Any CPU.Build.0 = Release|Any CPU
		{5B4BC824-73FC-49D7-BD9D-CE53AA1AA86E}.Debug|Any CPU.ActiveCfg = Debug|Any CPU
		{5B4BC824-73FC-49D7-BD9D-CE53AA1AA86E}.Debug|Any CPU.Build.0 = Debug|Any CPU
		{5B4BC824-73FC-49D7-BD9D-CE53AA1AA86E}.Mono Debug|Any CPU.ActiveCfg = Debug|Any CPU
		{5B4BC824-73FC-49D7-BD9D-CE53AA1AA86E}.Mono Debug|Any CPU.Build.0 = Debug|Any CPU
		{5B4BC824-73FC-49D7-BD9D-CE53AA1AA86E}.Mono Release|Any CPU.ActiveCfg = Release|Any CPU
		{5B4BC824-73FC-49D7-BD9D-CE53AA1AA86E}.Mono Release|Any CPU.Build.0 = Release|Any CPU
		{5B4BC824-73FC-49D7-BD9D-CE53AA1AA86E}.Release|Any CPU.ActiveCfg = Release|Any CPU
		{5B4BC824-73FC-49D7-BD9D-CE53AA1AA86E}.Release|Any CPU.Build.0 = Release|Any CPU
		{F879F274-EFA0-4157-8404-33A19B4E6AEC}.CIBuild|Any CPU.ActiveCfg = Coverage|Any CPU
		{F879F274-EFA0-4157-8404-33A19B4E6AEC}.CIBuild|Any CPU.Build.0 = Coverage|Any CPU
		{F879F274-EFA0-4157-8404-33A19B4E6AEC}.Coverage|Any CPU.ActiveCfg = Coverage|Any CPU
		{F879F274-EFA0-4157-8404-33A19B4E6AEC}.Coverage|Any CPU.Build.0 = Coverage|Any CPU
		{F879F274-EFA0-4157-8404-33A19B4E6AEC}.Debug|Any CPU.ActiveCfg = Debug|Any CPU
		{F879F274-EFA0-4157-8404-33A19B4E6AEC}.Debug|Any CPU.Build.0 = Debug|Any CPU
		{F879F274-EFA0-4157-8404-33A19B4E6AEC}.Mono Debug|Any CPU.ActiveCfg = Mono Debug|Any CPU
		{F879F274-EFA0-4157-8404-33A19B4E6AEC}.Mono Debug|Any CPU.Build.0 = Mono Debug|Any CPU
		{F879F274-EFA0-4157-8404-33A19B4E6AEC}.Mono Release|Any CPU.ActiveCfg = Mono Release|Any CPU
		{F879F274-EFA0-4157-8404-33A19B4E6AEC}.Mono Release|Any CPU.Build.0 = Mono Release|Any CPU
		{F879F274-EFA0-4157-8404-33A19B4E6AEC}.Release|Any CPU.ActiveCfg = Release|Any CPU
		{F879F274-EFA0-4157-8404-33A19B4E6AEC}.Release|Any CPU.Build.0 = Release|Any CPU
	EndGlobalSection
	GlobalSection(SolutionProperties) = preSolution
		HideSolutionNode = FALSE
	EndGlobalSection
	GlobalSection(ExtensibilityGlobals) = postSolution
		SolutionGuid = {9F9D6DEE-0AE2-42D7-A27F-75E08DC6AFA8}
	EndGlobalSection
EndGlobal
